<?xml version="1.0" encoding="utf-8"?>
<Project ToolsVersion="4.0" xmlns="http://schemas.microsoft.com/developer/msbuild/2003">
  <ItemGroup>
    <Filter Include="Source Files">
      <UniqueIdentifier>{4FC737F1-C7A5-4376-A066-2A32D752A2FF}</UniqueIdentifier>
      <Extensions>cpp;c;cc;cxx;def;odl;idl;hpj;bat;asm;asmx</Extensions>
    </Filter>
    <Filter Include="Header Files">
      <UniqueIdentifier>{93995380-89BD-4b04-88EB-625FBE52EBFB}</UniqueIdentifier>
      <Extensions>h;hh;hpp;hxx;hm;inl;inc;ipp;xsd</Extensions>
    </Filter>
    <Filter Include="Resource Files">
      <UniqueIdentifier>{67DA6AB6-F800-4c08-8B7A-83BB121AAD01}</UniqueIdentifier>
      <Extensions>rc;ico;cur;bmp;dlg;rc2;rct;bin;rgs;gif;jpg;jpeg;jpe;resx;tiff;tif;png;wav;mfcribbon-ms</Extensions>
    </Filter>
    <Filter Include="Header Files\Utils">
      <UniqueIdentifier>{5f598698-b0ab-43ca-ac83-c192d47282b2}</UniqueIdentifier>
    </Filter>
    <Filter Include="Source Files\Interface">
      <UniqueIdentifier>{c69085aa-9a88-4b00-9f5a-3c322372ea65}</UniqueIdentifier>
    </Filter>
    <Filter Include="Header Files\Interface">
      <UniqueIdentifier>{14d01ac1-3da0-482d-a455-c66da337cbea}</UniqueIdentifier>
    </Filter>
    <Filter Include="Source Files\Network">
      <UniqueIdentifier>{d0d16c76-78dd-4070-b1b3-393901150fab}</UniqueIdentifier>
    </Filter>
    <Filter Include="Header Files\Network">
      <UniqueIdentifier>{16a934b1-8762-4642-b631-e2725ecab4a8}</UniqueIdentifier>
    </Filter>
  </ItemGroup>
  <ItemGroup>
    <ClCompile Include="Source/Engine/ConsoleEngine.cpp">
      <Filter>Source Files</Filter>
    </ClCompile>
    <ClCompile Include="Source/Engine/ConsoleSettings.cpp">
      <Filter>Source Files</Filter>
    </ClCompile>
    <ClCompile Include="Source/Engine/KeyboardInputManager.cpp">
      <Filter>Source Files</Filter>
    </ClCompile>
    <ClCompile Include="Source/Network/Packet.cpp">
      <Filter>Source Files</Filter>
    </ClCompile>
    <ClCompile Include="Source/Network/TcpClient.cpp">
      <Filter>Source Files</Filter>
    </ClCompile>
    <ClCompile Include="Source/Interface/Button.cpp">
      <Filter>Source Files</Filter>
    </ClCompile>
    <ClCompile Include="Source/Interface/Chat.cpp">
      <Filter>Source Files</Filter>
    </ClCompile>
    <ClCompile Include="Source/Interface/Interface.cpp">
      <Filter>Source Files</Filter>
    </ClCompile>
    <ClCompile Include="Source/Interface/InterfaceObject.cpp">
      <Filter>Source Files</Filter>
    </ClCompile>
    <ClCompile Include="Source/Interface/Menu.cpp">
      <Filter>Source Files</Filter>
    </ClCompile>
    <ClCompile Include="Source/Interface/Message.cpp">
      <Filter>Source Files</Filter>
    </ClCompile>
    <ClCompile Include="Source/Game/OtherPlayer.cpp">
      <Filter>Source Files</Filter>
    </ClCompile>
    <ClCompile Include="Source/Game/Player.cpp">
      <Filter>Source Files</Filter>
    </ClCompile>
    <ClCompile Include="Source/Game/Scene.cpp">
      <Filter>Source Files</Filter>
    </ClCompile>
    <ClCompile Include="Source/Game/Tile.cpp">
      <Filter>Source Files</Filter>
    </ClCompile>
    <ClCompile Include="Source/Game/TransportTile.cpp">
      <Filter>Source Files</Filter>
    </ClCompile>
    <ClCompile Include="Source/main.cpp">
      <Filter>Source Files</Filter>
    </ClCompile>
  </ItemGroup>
  <ItemGroup>
    <ClInclude Include="Vector3.h">
      <Filter>Header Files\Utils</Filter>
    </ClInclude>
    <ClInclude Include="Vector2.h">
      <Filter>Header Files\Utils</Filter>
    </ClInclude>
    <ClInclude Include="Source/Dependencies/json.hpp">
      <Filter>Header Files</Filter>
    </ClInclude>
    <ClInclude Include="Source/Engine/ConsoleEngine.h">
      <Filter>Header Files</Filter>
    </ClInclude>
    <ClInclude Include="Source/Engine/ConsoleSettings.h">
      <Filter>Header Files</Filter>
    </ClInclude>
    <ClInclude Include="Source/Engine/KeyboardInputManager.h">
      <Filter>Header Files</Filter>
    </ClInclude>
    <ClInclude Include="Source/Network/Packet.h">
      <Filter>Header Files</Filter>
    </ClInclude>
    <ClInclude Include="Source/Network/TcpClient.h">
      <Filter>Header Files</Filter>
    </ClInclude>
    <ClInclude Include="Source/Interface/Button.h">
      <Filter>Header Files</Filter>
    </ClInclude>
    <ClInclude Include="Source/Interface/Chat.h">
      <Filter>Header Files</Filter>
    </ClInclude>
    <ClInclude Include="Source/Interface/Interface.h">
      <Filter>Header Files</Filter>
    </ClInclude>
    <ClInclude Include="Source/Interface/InterfaceObject.h">
      <Filter>Header Files</Filter>
    </ClInclude>
    <ClInclude Include="Source/Interface/Menu.h">
      <Filter>Header Files</Filter>
    </ClInclude>
    <ClInclude Include="Source/Interface/Message.h">
      <Filter>Header Files</Filter>
    </ClInclude>
    <ClInclude Include="Source/Game/OtherPlayer.h">
      <Filter>Header Files</Filter>
    </ClInclude>
    <ClInclude Include="Source/Game/Player.h">
      <Filter>Header Files</Filter>
    </ClInclude>
    <ClInclude Include="Source/Game/Scene.h">
      <Filter>Header Files</Filter>
    </ClInclude>
    <ClInclude Include="Source/Game/Tile.h">
      <Filter>Header Files</Filter>
    </ClInclude>
    <ClInclude Include="Source/Game/TransportTile.h">
      <Filter>Header Files</Filter>
    </ClInclude>
  </ItemGroup>
  <ItemGroup>
    <ResourceCompile Include="resource.rc">
      <Filter>Resource Files</Filter>
    </ResourceCompile>
  </ItemGroup>
</Project>